
Microsoft Visual Studio Solution File, Format Version 12.00
# Visual Studio 15
VisualStudioVersion = 15.0.27703.2026
MinimumVisualStudioVersion = 10.0.40219.1
Project("{9A19103F-16F7-4668-BE54-9A1E7A4F7556}") = "Xperiments", "Xperiments\Xperiments.csproj", "{8CD48A42-1F07-442D-8F48-A592B81711E2}"
EndProject
Project("{9A19103F-16F7-4668-BE54-9A1E7A4F7556}") = "Xperiments.Api", "Xperiments.Api\Xperiments.Api.csproj", "{13E0ED47-5DB7-48E7-96C8-9C67DBC84656}"
EndProject
Project("{2150E333-8FDC-42A3-9474-1A3956D46DE8}") = "Solution Items", "Solution Items", "{D740FB67-F959-4408-9EA3-18642B190E8E}"
	ProjectSection(SolutionItems) = preProject
		.dockerignore = .dockerignore
		Dockerfile = Dockerfile
	EndProjectSection
EndProject
Global
	GlobalSection(SolutionConfigurationPlatforms) = preSolution
		Debug|Any CPU = Debug|Any CPU
		Release|Any CPU = Release|Any CPU
	EndGlobalSection
	GlobalSection(ProjectConfigurationPlatforms) = postSolution
		{8CD48A42-1F07-442D-8F48-A592B81711E2}.Debug|Any CPU.ActiveCfg = Debug|Any CPU
		{8CD48A42-1F07-442D-8F48-A592B81711E2}.Debug|Any CPU.Build.0 = Debug|Any CPU
		{8CD48A42-1F07-442D-8F48-A592B81711E2}.Release|Any CPU.ActiveCfg = Release|Any CPU
		{8CD48A42-1F07-442D-8F48-A592B81711E2}.Release|Any CPU.Build.0 = Release|Any CPU
		{13E0ED47-5DB7-48E7-96C8-9C67DBC84656}.Debug|Any CPU.ActiveCfg = Debug|Any CPU
		{13E0ED47-5DB7-48E7-96C8-9C67DBC84656}.Debug|Any CPU.Build.0 = Debug|Any CPU
		{13E0ED47-5DB7-48E7-96C8-9C67DBC84656}.Release|Any CPU.ActiveCfg = Release|Any CPU
		{13E0ED47-5DB7-48E7-96C8-9C67DBC84656}.Release|Any CPU.Build.0 = Release|Any CPU
	EndGlobalSection
	GlobalSection(SolutionProperties) = preSolution
		HideSolutionNode = FALSE
	EndGlobalSection
	GlobalSection(ExtensibilityGlobals) = postSolution
		SolutionGuid = {BF6B2B3E-79F5-4CF6-8694-CD943780AD88}
	EndGlobalSection
EndGlobal
